
Microsoft Visual Studio Solution File, Format Version 12.00
# Visual Studio Version 16
VisualStudioVersion = 16.0.30413.136
MinimumVisualStudioVersion = 10.0.40219.1
Project("{9A19103F-16F7-4668-BE54-9A1E7A4F7556}") = "WatermarkUtility", "WatermarkUtility.csproj", "{EE673E34-7A99-4D60-9A40-53509B4D96FD}"
EndProject
Project("{FAE04EC0-301F-11D3-BF4B-00C04F79EFBC}") = "WatermarkUtilityTests", "..\watermark-utility-tests\WatermarkUtilityTests.csproj", "{10B4F629-4286-4496-89B0-6CB4991626E3}"
EndProject
Global
	GlobalSection(SolutionConfigurationPlatforms) = preSolution
		Debug|Any CPU = Debug|Any CPU
		Release|Any CPU = Release|Any CPU
	EndGlobalSection
	GlobalSection(ProjectConfigurationPlatforms) = postSolution
		{EE673E34-7A99-4D60-9A40-53509B4D96FD}.Debug|Any CPU.ActiveCfg = Debug|Any CPU
		{EE673E34-7A99-4D60-9A40-53509B4D96FD}.Debug|Any CPU.Build.0 = Debug|Any CPU
		{EE673E34-7A99-4D60-9A40-53509B4D96FD}.Release|Any CPU.ActiveCfg = Release|Any CPU
		{EE673E34-7A99-4D60-9A40-53509B4D96FD}.Release|Any CPU.Build.0 = Release|Any CPU
		{10B4F629-4286-4496-89B0-6CB4991626E3}.Debug|Any CPU.ActiveCfg = Debug|Any CPU
		{10B4F629-4286-4496-89B0-6CB4991626E3}.Debug|Any CPU.Build.0 = Debug|Any CPU
		{10B4F629-4286-4496-89B0-6CB4991626E3}.Release|Any CPU.ActiveCfg = Release|Any CPU
		{10B4F629-4286-4496-89B0-6CB4991626E3}.Release|Any CPU.Build.0 = Release|Any CPU
	EndGlobalSection
	GlobalSection(SolutionProperties) = preSolution
		HideSolutionNode = FALSE
	EndGlobalSection
	GlobalSection(ExtensibilityGlobals) = postSolution
		SolutionGuid = {A1E02749-90D3-40F3-A966-E48A0C42DDC1}
	EndGlobalSection
EndGlobal
